
Microsoft Visual Studio Solution File, Format Version 12.00
# Visual Studio Version 16
VisualStudioVersion = 25.0.1705.6
MinimumVisualStudioVersion = 10.0.40219.1
Project("{FAE04EC0-301F-11D3-BF4B-00C04F79EFBC}") = "E_Learning_Library", "E_Learning_Library.csproj", "{E8DCA276-A642-4B63-9C6E-0ECCCC73D6D1}"
EndProject
Global
	GlobalSection(SolutionConfigurationPlatforms) = preSolution
		Debug|Any CPU = Debug|Any CPU
		Release|Any CPU = Release|Any CPU
	EndGlobalSection
	GlobalSection(ProjectConfigurationPlatforms) = postSolution
		{E8DCA276-A642-4B63-9C6E-0ECCCC73D6D1}.Debug|Any CPU.ActiveCfg = Debug|Any CPU
		{E8DCA276-A642-4B63-9C6E-0ECCCC73D6D1}.Debug|Any CPU.Build.0 = Debug|Any CPU
		{E8DCA276-A642-4B63-9C6E-0ECCCC73D6D1}.Release|Any CPU.ActiveCfg = Release|Any CPU
		{E8DCA276-A642-4B63-9C6E-0ECCCC73D6D1}.Release|Any CPU.Build.0 = Release|Any CPU
	EndGlobalSection
	GlobalSection(SolutionProperties) = preSolution
		HideSolutionNode = FALSE
	EndGlobalSection
	GlobalSection(ExtensibilityGlobals) = postSolution
		SolutionGuid = {872BD422-E350-472E-A699-26A7B3897A32}
	EndGlobalSection
EndGlobal
